
Microsoft Visual Studio Solution File, Format Version 12.00
# Visual Studio 15
VisualStudioVersion = 15.0.27130.2036
MinimumVisualStudioVersion = 10.0.40219.1
Project("{FAE04EC0-301F-11D3-BF4B-00C04F79EFBC}") = "ForumAPI", "ForumAPI\ForumAPI.csproj", "{30FF4801-6C43-465B-86B0-2C6B4A5F0786}"
EndProject
Project("{FAE04EC0-301F-11D3-BF4B-00C04F79EFBC}") = "ForumRepository", "ForumRepository\ForumRepository.csproj", "{4F4F1656-D8FB-422D-B7B3-26ED67547BF5}"
EndProject
Project("{FAE04EC0-301F-11D3-BF4B-00C04F79EFBC}") = "UnitTests", "UnitTests\UnitTests.csproj", "{68F5320F-F928-441F-A226-14664C945743}"
EndProject
Global
	GlobalSection(SolutionConfigurationPlatforms) = preSolution
		Debug|Any CPU = Debug|Any CPU
		Release|Any CPU = Release|Any CPU
	EndGlobalSection
	GlobalSection(ProjectConfigurationPlatforms) = postSolution
		{30FF4801-6C43-465B-86B0-2C6B4A5F0786}.Debug|Any CPU.ActiveCfg = Debug|Any CPU
		{30FF4801-6C43-465B-86B0-2C6B4A5F0786}.Debug|Any CPU.Build.0 = Debug|Any CPU
		{30FF4801-6C43-465B-86B0-2C6B4A5F0786}.Release|Any CPU.ActiveCfg = Release|Any CPU
		{30FF4801-6C43-465B-86B0-2C6B4A5F0786}.Release|Any CPU.Build.0 = Release|Any CPU
		{4F4F1656-D8FB-422D-B7B3-26ED67547BF5}.Debug|Any CPU.ActiveCfg = Debug|Any CPU
		{4F4F1656-D8FB-422D-B7B3-26ED67547BF5}.Debug|Any CPU.Build.0 = Debug|Any CPU
		{4F4F1656-D8FB-422D-B7B3-26ED67547BF5}.Release|Any CPU.ActiveCfg = Release|Any CPU
		{4F4F1656-D8FB-422D-B7B3-26ED67547BF5}.Release|Any CPU.Build.0 = Release|Any CPU
		{68F5320F-F928-441F-A226-14664C945743}.Debug|Any CPU.ActiveCfg = Debug|Any CPU
		{68F5320F-F928-441F-A226-14664C945743}.Debug|Any CPU.Build.0 = Debug|Any CPU
		{68F5320F-F928-441F-A226-14664C945743}.Release|Any CPU.ActiveCfg = Release|Any CPU
		{68F5320F-F928-441F-A226-14664C945743}.Release|Any CPU.Build.0 = Release|Any CPU
	EndGlobalSection
	GlobalSection(SolutionProperties) = preSolution
		HideSolutionNode = FALSE
	EndGlobalSection
	GlobalSection(ExtensibilityGlobals) = postSolution
		SolutionGuid = {52E83AAC-1ED1-49FD-A2E8-E1733766B274}
	EndGlobalSection
EndGlobal
